
Microsoft Visual Studio Solution File, Format Version 12.00
# Visual Studio Version 17
VisualStudioVersion = 17.5.002.0
MinimumVisualStudioVersion = 10.0.40219.1
Project("{9A19103F-16F7-4668-BE54-9A1E7A4F7556}") = "CommandService", "CommandService.csproj", "{E9C042CE-7890-4B9B-B4FE-6613CE4588A6}"
EndProject
Global
	GlobalSection(SolutionConfigurationPlatforms) = preSolution
		Debug|Any CPU = Debug|Any CPU
		Release|Any CPU = Release|Any CPU
	EndGlobalSection
	GlobalSection(ProjectConfigurationPlatforms) = postSolution
		{E9C042CE-7890-4B9B-B4FE-6613CE4588A6}.Debug|Any CPU.ActiveCfg = Debug|Any CPU
		{E9C042CE-7890-4B9B-B4FE-6613CE4588A6}.Debug|Any CPU.Build.0 = Debug|Any CPU
		{E9C042CE-7890-4B9B-B4FE-6613CE4588A6}.Release|Any CPU.ActiveCfg = Release|Any CPU
		{E9C042CE-7890-4B9B-B4FE-6613CE4588A6}.Release|Any CPU.Build.0 = Release|Any CPU
	EndGlobalSection
	GlobalSection(SolutionProperties) = preSolution
		HideSolutionNode = FALSE
	EndGlobalSection
	GlobalSection(ExtensibilityGlobals) = postSolution
		SolutionGuid = {F07FFCAD-1A7A-4628-9370-4AF71F265E48}
	EndGlobalSection
EndGlobal
